
Microsoft Visual Studio Solution File, Format Version 12.00
# Visual Studio 15
VisualStudioVersion = 15.0.26730.16
MinimumVisualStudioVersion = 10.0.40219.1
Project("{8BC9CEB8-8B4A-11D0-8D11-00A0C91BC942}") = "GameServer", "GameServer.vcxproj", "{272D1A16-B841-4EC2-8B23-332CE793CE29}"
EndProject
Project("{8BC9CEB8-8B4A-11D0-8D11-00A0C91BC942}") = "NetLib", "..\NetLib\NetLib.vcxproj", "{AD3E50EF-A34D-4771-BA46-D9D707B311F2}"
EndProject
Global
	GlobalSection(SolutionConfigurationPlatforms) = preSolution
		Debug|x64 = Debug|x64
		Debug|x86 = Debug|x86
		Release|x64 = Release|x64
		Release|x86 = Release|x86
	EndGlobalSection
	GlobalSection(ProjectConfigurationPlatforms) = postSolution
		{272D1A16-B841-4EC2-8B23-332CE793CE29}.Debug|x64.ActiveCfg = Debug|x64
		{272D1A16-B841-4EC2-8B23-332CE793CE29}.Debug|x64.Build.0 = Debug|x64
		{272D1A16-B841-4EC2-8B23-332CE793CE29}.Debug|x86.ActiveCfg = Debug|Win32
		{272D1A16-B841-4EC2-8B23-332CE793CE29}.Debug|x86.Build.0 = Debug|Win32
		{272D1A16-B841-4EC2-8B23-332CE793CE29}.Release|x64.ActiveCfg = Release|x64
		{272D1A16-B841-4EC2-8B23-332CE793CE29}.Release|x64.Build.0 = Release|x64
		{272D1A16-B841-4EC2-8B23-332CE793CE29}.Release|x86.ActiveCfg = Release|Win32
		{272D1A16-B841-4EC2-8B23-332CE793CE29}.Release|x86.Build.0 = Release|Win32
		{AD3E50EF-A34D-4771-BA46-D9D707B311F2}.Debug|x64.ActiveCfg = Debug|x64
		{AD3E50EF-A34D-4771-BA46-D9D707B311F2}.Debug|x64.Build.0 = Debug|x64
		{AD3E50EF-A34D-4771-BA46-D9D707B311F2}.Debug|x86.ActiveCfg = Debug|Win32
		{AD3E50EF-A34D-4771-BA46-D9D707B311F2}.Debug|x86.Build.0 = Debug|Win32
		{AD3E50EF-A34D-4771-BA46-D9D707B311F2}.Release|x64.ActiveCfg = Release|x64
		{AD3E50EF-A34D-4771-BA46-D9D707B311F2}.Release|x64.Build.0 = Release|x64
		{AD3E50EF-A34D-4771-BA46-D9D707B311F2}.Release|x86.ActiveCfg = Release|Win32
		{AD3E50EF-A34D-4771-BA46-D9D707B311F2}.Release|x86.Build.0 = Release|Win32
	EndGlobalSection
	GlobalSection(SolutionProperties) = preSolution
		HideSolutionNode = FALSE
	EndGlobalSection
	GlobalSection(ExtensibilityGlobals) = postSolution
		SolutionGuid = {D1F92B5A-7FE1-4A36-8ECC-BE54FB81F265}
	EndGlobalSection
EndGlobal
