
Microsoft Visual Studio Solution File, Format Version 12.00
# Visual Studio 15
VisualStudioVersion = 15.0.28307.329
MinimumVisualStudioVersion = 10.0.40219.1
Project("{8BC9CEB8-8B4A-11D0-8D11-00A0C91BC942}") = "GetTickCountTest", "GetTickCountTest\GetTickCountTest.vcxproj", "{178C3143-4442-4DCD-94E5-B31E13A40E1F}"
EndProject
Project("{8BC9CEB8-8B4A-11D0-8D11-00A0C91BC942}") = "QueryPerformanceFrequencyTest", "QueryPerformanceFrequencyTest\QueryPerformanceFrequencyTest.vcxproj", "{C1175409-1CF6-4B51-AE48-86E80CDF0D50}"
EndProject
Project("{8BC9CEB8-8B4A-11D0-8D11-00A0C91BC942}") = "ProfileTest", "ProfileTest\ProfileTest.vcxproj", "{FE40429A-D911-4E30-9565-642C40D2249C}"
EndProject
Project("{8BC9CEB8-8B4A-11D0-8D11-00A0C91BC942}") = "Utils", "Utils\Utils.vcxproj", "{ADD56566-DAB8-40E6-B4D4-D11D26175396}"
EndProject
Project("{8BC9CEB8-8B4A-11D0-8D11-00A0C91BC942}") = "Network", "Network\Network.vcxproj", "{5752FD61-B7E8-4A7E-90F5-4F6DA44EAB64}"
EndProject
Project("{8BC9CEB8-8B4A-11D0-8D11-00A0C91BC942}") = "NetworkTest", "NetworkTest\NetworkTest.vcxproj", "{9146A55F-97BA-43BC-A4BF-9691CBEA435A}"
EndProject
Project("{8BC9CEB8-8B4A-11D0-8D11-00A0C91BC942}") = "selectServer", "selectServer\selectServer.vcxproj", "{98AE82B6-1AC4-4133-8AA8-936FDB2A8554}"
EndProject
Project("{8BC9CEB8-8B4A-11D0-8D11-00A0C91BC942}") = "WSAAsyncSelectServer", "WSAAsyncSelectServer\WSAAsyncSelectServer.vcxproj", "{A227FE3B-255C-4FB1-B182-4356CF4F09C1}"
EndProject
Project("{8BC9CEB8-8B4A-11D0-8D11-00A0C91BC942}") = "WSAEventSelectServer", "WSAEventSelectServer\WSAEventSelectServer.vcxproj", "{2FD127FD-9259-40F5-8691-5E704CDD7756}"
EndProject
Project("{8BC9CEB8-8B4A-11D0-8D11-00A0C91BC942}") = "OverlappedCallbackServer", "OverlappedCallbackServer\OverlappedCallbackServer.vcxproj", "{FDD0430E-F260-4669-A63D-9252CFD8D4DF}"
EndProject
Project("{8BC9CEB8-8B4A-11D0-8D11-00A0C91BC942}") = "IocpServer", "IocpServer\IocpServer.vcxproj", "{55DA7C15-7420-4933-A85E-A054A7133C32}"
EndProject
Project("{8BC9CEB8-8B4A-11D0-8D11-00A0C91BC942}") = "AcceptEx", "AcceptEx\AcceptEx.vcxproj", "{AB7BD259-6856-4576-A144-4575AC5019DA}"
EndProject
Project("{8BC9CEB8-8B4A-11D0-8D11-00A0C91BC942}") = "DynamicAllocation", "DynamicAllocation\DynamicAllocation.vcxproj", "{58527E92-8F6E-4139-A5A8-C3F8EDE6EBA4}"
EndProject
Project("{8BC9CEB8-8B4A-11D0-8D11-00A0C91BC942}") = "StaticMemory", "StaticMemory\StaticMemory.vcxproj", "{2D217F13-D23D-4ED3-A5A8-C6EF0D86195C}"
EndProject
Project("{8BC9CEB8-8B4A-11D0-8D11-00A0C91BC942}") = "ODBC", "ODBC\ODBC.vcxproj", "{A449F01B-9CBC-4E54-B42A-E9FC4CCC8834}"
EndProject
Project("{8BC9CEB8-8B4A-11D0-8D11-00A0C91BC942}") = "OLEDB", "OLEDB\OLEDB.vcxproj", "{6EAE788A-0E92-4A15-A48F-29869563375A}"
EndProject
Project("{8BC9CEB8-8B4A-11D0-8D11-00A0C91BC942}") = "ODBCPooling", "ODBCPooling\ODBCPooling.vcxproj", "{5A26242A-DE4D-47A2-BF65-338AB2B0CCD9}"
EndProject
Project("{8BC9CEB8-8B4A-11D0-8D11-00A0C91BC942}") = "DirectProcess", "DirectProcess\DirectProcess.vcxproj", "{E72DE664-105C-4287-A394-D2F6DABC11F5}"
EndProject
Project("{8BC9CEB8-8B4A-11D0-8D11-00A0C91BC942}") = "CircularQueueProcess", "CircularQueueProcess\CircularQueueProcess.vcxproj", "{D4E54CA1-8B9C-4EAE-8C9F-47197823C593}"
EndProject
Project("{8BC9CEB8-8B4A-11D0-8D11-00A0C91BC942}") = "IocpQueueProcess", "IocpQueueProcess\IocpQueueProcess.vcxproj", "{7C6FC5E9-7896-40E6-8DA7-13A984692DDA}"
EndProject
Project("{8BC9CEB8-8B4A-11D0-8D11-00A0C91BC942}") = "NagleNetworkTest", "NagleNetworkTest\NagleNetworkTest.vcxproj", "{F18EABE9-503E-4A1E-8FFD-0FDA34443573}"
EndProject
Global
	GlobalSection(SolutionConfigurationPlatforms) = preSolution
		Debug|Win32 = Debug|Win32
		Debug|x64 = Debug|x64
		Release|Win32 = Release|Win32
		Release|x64 = Release|x64
	EndGlobalSection
	GlobalSection(ProjectConfigurationPlatforms) = postSolution
		{178C3143-4442-4DCD-94E5-B31E13A40E1F}.Debug|Win32.ActiveCfg = Debug|Win32
		{178C3143-4442-4DCD-94E5-B31E13A40E1F}.Debug|Win32.Build.0 = Debug|Win32
		{178C3143-4442-4DCD-94E5-B31E13A40E1F}.Debug|x64.ActiveCfg = Debug|x64
		{178C3143-4442-4DCD-94E5-B31E13A40E1F}.Debug|x64.Build.0 = Debug|x64
		{178C3143-4442-4DCD-94E5-B31E13A40E1F}.Release|Win32.ActiveCfg = Release|Win32
		{178C3143-4442-4DCD-94E5-B31E13A40E1F}.Release|Win32.Build.0 = Release|Win32
		{178C3143-4442-4DCD-94E5-B31E13A40E1F}.Release|x64.ActiveCfg = Release|x64
		{178C3143-4442-4DCD-94E5-B31E13A40E1F}.Release|x64.Build.0 = Release|x64
		{C1175409-1CF6-4B51-AE48-86E80CDF0D50}.Debug|Win32.ActiveCfg = Debug|Win32
		{C1175409-1CF6-4B51-AE48-86E80CDF0D50}.Debug|Win32.Build.0 = Debug|Win32
		{C1175409-1CF6-4B51-AE48-86E80CDF0D50}.Debug|x64.ActiveCfg = Debug|x64
		{C1175409-1CF6-4B51-AE48-86E80CDF0D50}.Debug|x64.Build.0 = Debug|x64
		{C1175409-1CF6-4B51-AE48-86E80CDF0D50}.Release|Win32.ActiveCfg = Release|Win32
		{C1175409-1CF6-4B51-AE48-86E80CDF0D50}.Release|Win32.Build.0 = Release|Win32
		{C1175409-1CF6-4B51-AE48-86E80CDF0D50}.Release|x64.ActiveCfg = Release|x64
		{C1175409-1CF6-4B51-AE48-86E80CDF0D50}.Release|x64.Build.0 = Release|x64
		{FE40429A-D911-4E30-9565-642C40D2249C}.Debug|Win32.ActiveCfg = Debug|Win32
		{FE40429A-D911-4E30-9565-642C40D2249C}.Debug|Win32.Build.0 = Debug|Win32
		{FE40429A-D911-4E30-9565-642C40D2249C}.Debug|x64.ActiveCfg = Debug|x64
		{FE40429A-D911-4E30-9565-642C40D2249C}.Debug|x64.Build.0 = Debug|x64
		{FE40429A-D911-4E30-9565-642C40D2249C}.Release|Win32.ActiveCfg = Release|Win32
		{FE40429A-D911-4E30-9565-642C40D2249C}.Release|Win32.Build.0 = Release|Win32
		{FE40429A-D911-4E30-9565-642C40D2249C}.Release|x64.ActiveCfg = Release|x64
		{FE40429A-D911-4E30-9565-642C40D2249C}.Release|x64.Build.0 = Release|x64
		{ADD56566-DAB8-40E6-B4D4-D11D26175396}.Debug|Win32.ActiveCfg = Debug|Win32
		{ADD56566-DAB8-40E6-B4D4-D11D26175396}.Debug|Win32.Build.0 = Debug|Win32
		{ADD56566-DAB8-40E6-B4D4-D11D26175396}.Debug|x64.ActiveCfg = Debug|x64
		{ADD56566-DAB8-40E6-B4D4-D11D26175396}.Debug|x64.Build.0 = Debug|x64
		{ADD56566-DAB8-40E6-B4D4-D11D26175396}.Release|Win32.ActiveCfg = Release|Win32
		{ADD56566-DAB8-40E6-B4D4-D11D26175396}.Release|Win32.Build.0 = Release|Win32
		{ADD56566-DAB8-40E6-B4D4-D11D26175396}.Release|x64.ActiveCfg = Release|x64
		{ADD56566-DAB8-40E6-B4D4-D11D26175396}.Release|x64.Build.0 = Release|x64
		{5752FD61-B7E8-4A7E-90F5-4F6DA44EAB64}.Debug|Win32.ActiveCfg = Debug|Win32
		{5752FD61-B7E8-4A7E-90F5-4F6DA44EAB64}.Debug|Win32.Build.0 = Debug|Win32
		{5752FD61-B7E8-4A7E-90F5-4F6DA44EAB64}.Debug|x64.ActiveCfg = Debug|x64
		{5752FD61-B7E8-4A7E-90F5-4F6DA44EAB64}.Debug|x64.Build.0 = Debug|x64
		{5752FD61-B7E8-4A7E-90F5-4F6DA44EAB64}.Release|Win32.ActiveCfg = Release|Win32
		{5752FD61-B7E8-4A7E-90F5-4F6DA44EAB64}.Release|Win32.Build.0 = Release|Win32
		{5752FD61-B7E8-4A7E-90F5-4F6DA44EAB64}.Release|x64.ActiveCfg = Release|x64
		{5752FD61-B7E8-4A7E-90F5-4F6DA44EAB64}.Release|x64.Build.0 = Release|x64
		{9146A55F-97BA-43BC-A4BF-9691CBEA435A}.Debug|Win32.ActiveCfg = Debug|Win32
		{9146A55F-97BA-43BC-A4BF-9691CBEA435A}.Debug|Win32.Build.0 = Debug|Win32
		{9146A55F-97BA-43BC-A4BF-9691CBEA435A}.Debug|x64.ActiveCfg = Debug|x64
		{9146A55F-97BA-43BC-A4BF-9691CBEA435A}.Debug|x64.Build.0 = Debug|x64
		{9146A55F-97BA-43BC-A4BF-9691CBEA435A}.Release|Win32.ActiveCfg = Release|Win32
		{9146A55F-97BA-43BC-A4BF-9691CBEA435A}.Release|Win32.Build.0 = Release|Win32
		{9146A55F-97BA-43BC-A4BF-9691CBEA435A}.Release|x64.ActiveCfg = Release|x64
		{9146A55F-97BA-43BC-A4BF-9691CBEA435A}.Release|x64.Build.0 = Release|x64
		{98AE82B6-1AC4-4133-8AA8-936FDB2A8554}.Debug|Win32.ActiveCfg = Debug|Win32
		{98AE82B6-1AC4-4133-8AA8-936FDB2A8554}.Debug|Win32.Build.0 = Debug|Win32
		{98AE82B6-1AC4-4133-8AA8-936FDB2A8554}.Debug|x64.ActiveCfg = Debug|x64
		{98AE82B6-1AC4-4133-8AA8-936FDB2A8554}.Debug|x64.Build.0 = Debug|x64
		{98AE82B6-1AC4-4133-8AA8-936FDB2A8554}.Release|Win32.ActiveCfg = Release|Win32
		{98AE82B6-1AC4-4133-8AA8-936FDB2A8554}.Release|Win32.Build.0 = Release|Win32
		{98AE82B6-1AC4-4133-8AA8-936FDB2A8554}.Release|x64.ActiveCfg = Release|x64
		{98AE82B6-1AC4-4133-8AA8-936FDB2A8554}.Release|x64.Build.0 = Release|x64
		{A227FE3B-255C-4FB1-B182-4356CF4F09C1}.Debug|Win32.ActiveCfg = Debug|Win32
		{A227FE3B-255C-4FB1-B182-4356CF4F09C1}.Debug|Win32.Build.0 = Debug|Win32
		{A227FE3B-255C-4FB1-B182-4356CF4F09C1}.Debug|x64.ActiveCfg = Debug|x64
		{A227FE3B-255C-4FB1-B182-4356CF4F09C1}.Debug|x64.Build.0 = Debug|x64
		{A227FE3B-255C-4FB1-B182-4356CF4F09C1}.Release|Win32.ActiveCfg = Release|Win32
		{A227FE3B-255C-4FB1-B182-4356CF4F09C1}.Release|Win32.Build.0 = Release|Win32
		{A227FE3B-255C-4FB1-B182-4356CF4F09C1}.Release|x64.ActiveCfg = Release|x64
		{A227FE3B-255C-4FB1-B182-4356CF4F09C1}.Release|x64.Build.0 = Release|x64
		{2FD127FD-9259-40F5-8691-5E704CDD7756}.Debug|Win32.ActiveCfg = Debug|Win32
		{2FD127FD-9259-40F5-8691-5E704CDD7756}.Debug|Win32.Build.0 = Debug|Win32
		{2FD127FD-9259-40F5-8691-5E704CDD7756}.Debug|x64.ActiveCfg = Debug|x64
		{2FD127FD-9259-40F5-8691-5E704CDD7756}.Debug|x64.Build.0 = Debug|x64
		{2FD127FD-9259-40F5-8691-5E704CDD7756}.Release|Win32.ActiveCfg = Release|Win32
		{2FD127FD-9259-40F5-8691-5E704CDD7756}.Release|Win32.Build.0 = Release|Win32
		{2FD127FD-9259-40F5-8691-5E704CDD7756}.Release|x64.ActiveCfg = Release|x64
		{2FD127FD-9259-40F5-8691-5E704CDD7756}.Release|x64.Build.0 = Release|x64
		{FDD0430E-F260-4669-A63D-9252CFD8D4DF}.Debug|Win32.ActiveCfg = Debug|Win32
		{FDD0430E-F260-4669-A63D-9252CFD8D4DF}.Debug|Win32.Build.0 = Debug|Win32
		{FDD0430E-F260-4669-A63D-9252CFD8D4DF}.Debug|x64.ActiveCfg = Debug|x64
		{FDD0430E-F260-4669-A63D-9252CFD8D4DF}.Debug|x64.Build.0 = Debug|x64
		{FDD0430E-F260-4669-A63D-9252CFD8D4DF}.Release|Win32.ActiveCfg = Release|Win32
		{FDD0430E-F260-4669-A63D-9252CFD8D4DF}.Release|Win32.Build.0 = Release|Win32
		{FDD0430E-F260-4669-A63D-9252CFD8D4DF}.Release|x64.ActiveCfg = Release|x64
		{FDD0430E-F260-4669-A63D-9252CFD8D4DF}.Release|x64.Build.0 = Release|x64
		{55DA7C15-7420-4933-A85E-A054A7133C32}.Debug|Win32.ActiveCfg = Debug|Win32
		{55DA7C15-7420-4933-A85E-A054A7133C32}.Debug|Win32.Build.0 = Debug|Win32
		{55DA7C15-7420-4933-A85E-A054A7133C32}.Debug|x64.ActiveCfg = Debug|x64
		{55DA7C15-7420-4933-A85E-A054A7133C32}.Debug|x64.Build.0 = Debug|x64
		{55DA7C15-7420-4933-A85E-A054A7133C32}.Release|Win32.ActiveCfg = Release|Win32
		{55DA7C15-7420-4933-A85E-A054A7133C32}.Release|Win32.Build.0 = Release|Win32
		{55DA7C15-7420-4933-A85E-A054A7133C32}.Release|x64.ActiveCfg = Release|x64
		{55DA7C15-7420-4933-A85E-A054A7133C32}.Release|x64.Build.0 = Release|x64
		{AB7BD259-6856-4576-A144-4575AC5019DA}.Debug|Win32.ActiveCfg = Debug|Win32
		{AB7BD259-6856-4576-A144-4575AC5019DA}.Debug|Win32.Build.0 = Debug|Win32
		{AB7BD259-6856-4576-A144-4575AC5019DA}.Debug|x64.ActiveCfg = Debug|x64
		{AB7BD259-6856-4576-A144-4575AC5019DA}.Debug|x64.Build.0 = Debug|x64
		{AB7BD259-6856-4576-A144-4575AC5019DA}.Release|Win32.ActiveCfg = Release|Win32
		{AB7BD259-6856-4576-A144-4575AC5019DA}.Release|Win32.Build.0 = Release|Win32
		{AB7BD259-6856-4576-A144-4575AC5019DA}.Release|x64.ActiveCfg = Release|x64
		{AB7BD259-6856-4576-A144-4575AC5019DA}.Release|x64.Build.0 = Release|x64
		{58527E92-8F6E-4139-A5A8-C3F8EDE6EBA4}.Debug|Win32.ActiveCfg = Debug|Win32
		{58527E92-8F6E-4139-A5A8-C3F8EDE6EBA4}.Debug|Win32.Build.0 = Debug|Win32
		{58527E92-8F6E-4139-A5A8-C3F8EDE6EBA4}.Debug|x64.ActiveCfg = Debug|x64
		{58527E92-8F6E-4139-A5A8-C3F8EDE6EBA4}.Debug|x64.Build.0 = Debug|x64
		{58527E92-8F6E-4139-A5A8-C3F8EDE6EBA4}.Release|Win32.ActiveCfg = Release|Win32
		{58527E92-8F6E-4139-A5A8-C3F8EDE6EBA4}.Release|Win32.Build.0 = Release|Win32
		{58527E92-8F6E-4139-A5A8-C3F8EDE6EBA4}.Release|x64.ActiveCfg = Release|x64
		{58527E92-8F6E-4139-A5A8-C3F8EDE6EBA4}.Release|x64.Build.0 = Release|x64
		{2D217F13-D23D-4ED3-A5A8-C6EF0D86195C}.Debug|Win32.ActiveCfg = Debug|Win32
		{2D217F13-D23D-4ED3-A5A8-C6EF0D86195C}.Debug|Win32.Build.0 = Debug|Win32
		{2D217F13-D23D-4ED3-A5A8-C6EF0D86195C}.Debug|x64.ActiveCfg = Debug|x64
		{2D217F13-D23D-4ED3-A5A8-C6EF0D86195C}.Debug|x64.Build.0 = Debug|x64
		{2D217F13-D23D-4ED3-A5A8-C6EF0D86195C}.Release|Win32.ActiveCfg = Release|Win32
		{2D217F13-D23D-4ED3-A5A8-C6EF0D86195C}.Release|Win32.Build.0 = Release|Win32
		{2D217F13-D23D-4ED3-A5A8-C6EF0D86195C}.Release|x64.ActiveCfg = Release|x64
		{2D217F13-D23D-4ED3-A5A8-C6EF0D86195C}.Release|x64.Build.0 = Release|x64
		{A449F01B-9CBC-4E54-B42A-E9FC4CCC8834}.Debug|Win32.ActiveCfg = Debug|Win32
		{A449F01B-9CBC-4E54-B42A-E9FC4CCC8834}.Debug|Win32.Build.0 = Debug|Win32
		{A449F01B-9CBC-4E54-B42A-E9FC4CCC8834}.Debug|x64.ActiveCfg = Debug|x64
		{A449F01B-9CBC-4E54-B42A-E9FC4CCC8834}.Debug|x64.Build.0 = Debug|x64
		{A449F01B-9CBC-4E54-B42A-E9FC4CCC8834}.Release|Win32.ActiveCfg = Release|Win32
		{A449F01B-9CBC-4E54-B42A-E9FC4CCC8834}.Release|Win32.Build.0 = Release|Win32
		{A449F01B-9CBC-4E54-B42A-E9FC4CCC8834}.Release|x64.ActiveCfg = Release|x64
		{A449F01B-9CBC-4E54-B42A-E9FC4CCC8834}.Release|x64.Build.0 = Release|x64
		{6EAE788A-0E92-4A15-A48F-29869563375A}.Debug|Win32.ActiveCfg = Debug|Win32
		{6EAE788A-0E92-4A15-A48F-29869563375A}.Debug|Win32.Build.0 = Debug|Win32
		{6EAE788A-0E92-4A15-A48F-29869563375A}.Debug|x64.ActiveCfg = Debug|x64
		{6EAE788A-0E92-4A15-A48F-29869563375A}.Debug|x64.Build.0 = Debug|x64
		{6EAE788A-0E92-4A15-A48F-29869563375A}.Release|Win32.ActiveCfg = Release|Win32
		{6EAE788A-0E92-4A15-A48F-29869563375A}.Release|Win32.Build.0 = Release|Win32
		{6EAE788A-0E92-4A15-A48F-29869563375A}.Release|x64.ActiveCfg = Release|x64
		{6EAE788A-0E92-4A15-A48F-29869563375A}.Release|x64.Build.0 = Release|x64
		{5A26242A-DE4D-47A2-BF65-338AB2B0CCD9}.Debug|Win32.ActiveCfg = Debug|Win32
		{5A26242A-DE4D-47A2-BF65-338AB2B0CCD9}.Debug|Win32.Build.0 = Debug|Win32
		{5A26242A-DE4D-47A2-BF65-338AB2B0CCD9}.Debug|x64.ActiveCfg = Debug|x64
		{5A26242A-DE4D-47A2-BF65-338AB2B0CCD9}.Debug|x64.Build.0 = Debug|x64
		{5A26242A-DE4D-47A2-BF65-338AB2B0CCD9}.Release|Win32.ActiveCfg = Release|Win32
		{5A26242A-DE4D-47A2-BF65-338AB2B0CCD9}.Release|Win32.Build.0 = Release|Win32
		{5A26242A-DE4D-47A2-BF65-338AB2B0CCD9}.Release|x64.ActiveCfg = Release|x64
		{5A26242A-DE4D-47A2-BF65-338AB2B0CCD9}.Release|x64.Build.0 = Release|x64
		{E72DE664-105C-4287-A394-D2F6DABC11F5}.Debug|Win32.ActiveCfg = Debug|Win32
		{E72DE664-105C-4287-A394-D2F6DABC11F5}.Debug|Win32.Build.0 = Debug|Win32
		{E72DE664-105C-4287-A394-D2F6DABC11F5}.Debug|x64.ActiveCfg = Debug|x64
		{E72DE664-105C-4287-A394-D2F6DABC11F5}.Debug|x64.Build.0 = Debug|x64
		{E72DE664-105C-4287-A394-D2F6DABC11F5}.Release|Win32.ActiveCfg = Release|Win32
		{E72DE664-105C-4287-A394-D2F6DABC11F5}.Release|Win32.Build.0 = Release|Win32
		{E72DE664-105C-4287-A394-D2F6DABC11F5}.Release|x64.ActiveCfg = Release|x64
		{E72DE664-105C-4287-A394-D2F6DABC11F5}.Release|x64.Build.0 = Release|x64
		{D4E54CA1-8B9C-4EAE-8C9F-47197823C593}.Debug|Win32.ActiveCfg = Debug|Win32
		{D4E54CA1-8B9C-4EAE-8C9F-47197823C593}.Debug|Win32.Build.0 = Debug|Win32
		{D4E54CA1-8B9C-4EAE-8C9F-47197823C593}.Debug|x64.ActiveCfg = Debug|x64
		{D4E54CA1-8B9C-4EAE-8C9F-47197823C593}.Debug|x64.Build.0 = Debug|x64
		{D4E54CA1-8B9C-4EAE-8C9F-47197823C593}.Release|Win32.ActiveCfg = Release|Win32
		{D4E54CA1-8B9C-4EAE-8C9F-47197823C593}.Release|Win32.Build.0 = Release|Win32
		{D4E54CA1-8B9C-4EAE-8C9F-47197823C593}.Release|x64.ActiveCfg = Release|x64
		{D4E54CA1-8B9C-4EAE-8C9F-47197823C593}.Release|x64.Build.0 = Release|x64
		{7C6FC5E9-7896-40E6-8DA7-13A984692DDA}.Debug|Win32.ActiveCfg = Debug|Win32
		{7C6FC5E9-7896-40E6-8DA7-13A984692DDA}.Debug|Win32.Build.0 = Debug|Win32
		{7C6FC5E9-7896-40E6-8DA7-13A984692DDA}.Debug|x64.ActiveCfg = Debug|x64
		{7C6FC5E9-7896-40E6-8DA7-13A984692DDA}.Debug|x64.Build.0 = Debug|x64
		{7C6FC5E9-7896-40E6-8DA7-13A984692DDA}.Release|Win32.ActiveCfg = Release|Win32
		{7C6FC5E9-7896-40E6-8DA7-13A984692DDA}.Release|Win32.Build.0 = Release|Win32
		{7C6FC5E9-7896-40E6-8DA7-13A984692DDA}.Release|x64.ActiveCfg = Release|x64
		{7C6FC5E9-7896-40E6-8DA7-13A984692DDA}.Release|x64.Build.0 = Release|x64
		{F18EABE9-503E-4A1E-8FFD-0FDA34443573}.Debug|Win32.ActiveCfg = Debug|Win32
		{F18EABE9-503E-4A1E-8FFD-0FDA34443573}.Debug|Win32.Build.0 = Debug|Win32
		{F18EABE9-503E-4A1E-8FFD-0FDA34443573}.Debug|x64.ActiveCfg = Debug|x64
		{F18EABE9-503E-4A1E-8FFD-0FDA34443573}.Debug|x64.Build.0 = Debug|x64
		{F18EABE9-503E-4A1E-8FFD-0FDA34443573}.Release|Win32.ActiveCfg = Release|Win32
		{F18EABE9-503E-4A1E-8FFD-0FDA34443573}.Release|Win32.Build.0 = Release|Win32
		{F18EABE9-503E-4A1E-8FFD-0FDA34443573}.Release|x64.ActiveCfg = Release|x64
		{F18EABE9-503E-4A1E-8FFD-0FDA34443573}.Release|x64.Build.0 = Release|x64
	EndGlobalSection
	GlobalSection(SolutionProperties) = preSolution
		HideSolutionNode = FALSE
	EndGlobalSection
	GlobalSection(ExtensibilityGlobals) = postSolution
		SolutionGuid = {638C651C-4F85-4B8A-99C6-3192D317F64B}
	EndGlobalSection
EndGlobal
